
Microsoft Visual Studio Solution File, Format Version 12.00
# Visual Studio 14
VisualStudioVersion = 14.0.24720.0
MinimumVisualStudioVersion = 10.0.40219.1
Project("{2150E333-8FDC-42A3-9474-1A3956D46DE8}") = "src", "src", "{83BE3354-37CD-4E2E-8563-3612B8E95A27}"
EndProject
Project("{2150E333-8FDC-42A3-9474-1A3956D46DE8}") = "Solution Items", "Solution Items", "{843ADDE4-B0B1-45CD-B88F-83A245DC68E9}"
	ProjectSection(SolutionItems) = preProject
		global.json = global.json
	EndProjectSection
EndProject
Project("{8BB2217D-0F2D-49D1-97BC-3654ED321F3B}") = "ULaval.LunchTi", "src\ULaval.LunchTi\ULaval.LunchTi.xproj", "{A9D3D044-372F-41E2-AE1E-76CB9A8223D0}"
EndProject
Project("{8BB2217D-0F2D-49D1-97BC-3654ED321F3B}") = "ULaval.LunchTi.Tests", "test\ULaval.LunchTi.Tests\ULaval.LunchTi.Tests.xproj", "{A4BB80D7-BA7E-4FCC-BD05-598932D94CD6}"
EndProject
Project("{2150E333-8FDC-42A3-9474-1A3956D46DE8}") = "test", "test", "{C3BD487F-8F7E-4E10-BE31-4E4C47B82048}"
EndProject
Global
	GlobalSection(SolutionConfigurationPlatforms) = preSolution
		Debug|Any CPU = Debug|Any CPU
		Release|Any CPU = Release|Any CPU
	EndGlobalSection
	GlobalSection(ProjectConfigurationPlatforms) = postSolution
		{A9D3D044-372F-41E2-AE1E-76CB9A8223D0}.Debug|Any CPU.ActiveCfg = Debug|Any CPU
		{A9D3D044-372F-41E2-AE1E-76CB9A8223D0}.Debug|Any CPU.Build.0 = Debug|Any CPU
		{A9D3D044-372F-41E2-AE1E-76CB9A8223D0}.Release|Any CPU.ActiveCfg = Release|Any CPU
		{A9D3D044-372F-41E2-AE1E-76CB9A8223D0}.Release|Any CPU.Build.0 = Release|Any CPU
		{A4BB80D7-BA7E-4FCC-BD05-598932D94CD6}.Debug|Any CPU.ActiveCfg = Debug|Any CPU
		{A4BB80D7-BA7E-4FCC-BD05-598932D94CD6}.Debug|Any CPU.Build.0 = Debug|Any CPU
		{A4BB80D7-BA7E-4FCC-BD05-598932D94CD6}.Release|Any CPU.ActiveCfg = Release|Any CPU
		{A4BB80D7-BA7E-4FCC-BD05-598932D94CD6}.Release|Any CPU.Build.0 = Release|Any CPU
	EndGlobalSection
	GlobalSection(SolutionProperties) = preSolution
		HideSolutionNode = FALSE
	EndGlobalSection
	GlobalSection(NestedProjects) = preSolution
		{A9D3D044-372F-41E2-AE1E-76CB9A8223D0} = {83BE3354-37CD-4E2E-8563-3612B8E95A27}
		{A4BB80D7-BA7E-4FCC-BD05-598932D94CD6} = {C3BD487F-8F7E-4E10-BE31-4E4C47B82048}
	EndGlobalSection
EndGlobal
